// !$*UTF8*$!
{
	archiveVersion = 1;
	classes = {
	};
	objectVersion = 56;
	objects = {

/* Begin PBXBuildFile section */
		41BF21CD28D8E93600DAA753 /* AppDelegate.swift in Sources */ = {isa = PBXBuildFile; fileRef = 41BF21CC28D8E93600DAA753 /* AppDelegate.swift */; };
		41BF21CF28D8E93600DAA753 /* SceneDelegate.swift in Sources */ = {isa = PBXBuildFile; fileRef = 41BF21CE28D8E93600DAA753 /* SceneDelegate.swift */; };
		41BF21D128D8E93600DAA753 /* ViewController.swift in Sources */ = {isa = PBXBuildFile; fileRef = 41BF21D028D8E93600DAA753 /* ViewController.swift */; };
		41BF21D428D8E93600DAA753 /* Main.storyboard in Resources */ = {isa = PBXBuildFile; fileRef = 41BF21D228D8E93600DAA753 /* Main.storyboard */; };
		41BF21D628D8E93800DAA753 /* Assets.xcassets in Resources */ = {isa = PBXBuildFile; fileRef = 41BF21D528D8E93800DAA753 /* Assets.xcassets */; };
		41BF21D928D8E93800DAA753 /* LaunchScreen.storyboard in Resources */ = {isa = PBXBuildFile; fileRef = 41BF21D728D8E93800DAA753 /* LaunchScreen.storyboard */; };
		41BF21E428D8E93800DAA753 /* FlashcardsTests.swift in Sources */ = {isa = PBXBuildFile; fileRef = 41BF21E328D8E93800DAA753 /* FlashcardsTests.swift */; };
		41BF21EE28D8E93800DAA753 /* FlashcardsUITests.swift in Sources */ = {isa = PBXBuildFile; fileRef = 41BF21ED28D8E93800DAA753 /* FlashcardsUITests.swift */; };
		41BF21F028D8E93800DAA753 /* FlashcardsUITestsLaunchTests.swift in Sources */ = {isa = PBXBuildFile; fileRef = 41BF21EF28D8E93800DAA753 /* FlashcardsUITestsLaunchTests.swift */; };
/* End PBXBuildFile section */

/* Begin PBXContainerItemProxy section */
		41BF21E028D8E93800DAA753 /* PBXContainerItemProxy */ = {
			isa = PBXContainerItemProxy;
			containerPortal = 41BF21C128D8E93600DAA753 /* Project object */;
			proxyType = 1;
			remoteGlobalIDString = 41BF21C828D8E93600DAA753;
			remoteInfo = Flashcards;
		};
		41BF21EA28D8E93800DAA753 /* PBXContainerItemProxy */ = {
			isa = PBXContainerItemProxy;
			containerPortal = 41BF21C128D8E93600DAA753 /* Project object */;
			proxyType = 1;
			remoteGlobalIDString = 41BF21C828D8E93600DAA753;
			remoteInfo = Flashcards;
		};
/* End PBXContainerItemProxy section */

/* Begin PBXFileReference section */
		41BF21C928D8E93600DAA753 /* Flashcards.app */ = {isa = PBXFileReference; explicitFileType = wrapper.application; includeInIndex = 0; path = Flashcards.app; sourceTree = BUILT_PRODUCTS_DIR; };
		41BF21CC28D8E93600DAA753 /* AppDelegate.swift */ = {isa = PBXFileReference; lastKnownFileType = sourcecode.swift; path = AppDelegate.swift; sourceTree = "<group>"; };
		41BF21CE28D8E93600DAA753 /* SceneDelegate.swift */ = {isa = PBXFileReference; lastKnownFileType = sourcecode.swift; path = SceneDelegate.swift; sourceTree = "<group>"; };
		41BF21D028D8E93600DAA753 /* ViewController.swift */ = {isa = PBXFileReference; lastKnownFileType = sourcecode.swift; path = ViewController.swift; sourceTree = "<group>"; };
		41BF21D328D8E93600DAA753 /* Base */ = {isa = PBXFileReference; lastKnownFileType = file.storyboard; name = Base; path = Base.lproj/Main.storyboard; sourceTree = "<group>"; };
		41BF21D528D8E93800DAA753 /* Assets.xcassets */ = {isa = PBXFileReference; lastKnownFileType = folder.assetcatalog; path = Assets.xcassets; sourceTree = "<group>"; };
		41BF21D828D8E93800DAA753 /* Base */ = {isa = PBXFileReference; lastKnownFileType = file.storyboard; name = Base; path = Base.lproj/LaunchScreen.storyboard; sourceTree = "<group>"; };
		41BF21DA28D8E93800DAA753 /* Info.plist */ = {isa = PBXFileReference; lastKnownFileType = text.plist.xml; path = Info.plist; sourceTree = "<group>"; };
		41BF21DF28D8E93800DAA753 /* FlashcardsTests.xctest */ = {isa = PBXFileReference; explicitFileType = wrapper.cfbundle; includeInIndex = 0; path = FlashcardsTests.xctest; sourceTree = BUILT_PRODUCTS_DIR; };
		41BF21E328D8E93800DAA753 /* FlashcardsTests.swift */ = {isa = PBXFileReference; lastKnownFileType = sourcecode.swift; path = FlashcardsTests.swift; sourceTree = "<group>"; };
		41BF21E928D8E93800DAA753 /* FlashcardsUITests.xctest */ = {isa = PBXFileReference; explicitFileType = wrapper.cfbundle; includeInIndex = 0; path = FlashcardsUITests.xctest; sourceTree = BUILT_PRODUCTS_DIR; };
		41BF21ED28D8E93800DAA753 /* FlashcardsUITests.swift */ = {isa = PBXFileReference; lastKnownFileType = sourcecode.swift; path = FlashcardsUITests.swift; sourceTree = "<group>"; };
		41BF21EF28D8E93800DAA753 /* FlashcardsUITestsLaunchTests.swift */ = {isa = PBXFileReference; lastKnownFileType = sourcecode.swift; path = FlashcardsUITestsLaunchTests.swift; sourceTree = "<group>"; };
/* End PBXFileReference section */

/* Begin PBXFrameworksBuildPhase section */
		41BF21C628D8E93600DAA753 /* Frameworks */ = {
			isa = PBXFrameworksBuildPhase;
			buildActionMask = 2147483647;
			files = (
			);
			runOnlyForDeploymentPostprocessing = 0;
		};
		41BF21DC28D8E93800DAA753 /* Frameworks */ = {
			isa = PBXFrameworksBuildPhase;
			buildActionMask = 2147483647;
			files = (
			);
			runOnlyForDeploymentPostprocessing = 0;
		};
		41BF21E628D8E93800DAA753 /* Frameworks */ = {
			isa = PBXFrameworksBuildPhase;
			buildActionMask = 2147483647;
			files = (
			);
			runOnlyForDeploymentPostprocessing = 0;
		};
/* End PBXFrameworksBuildPhase section */

/* Begin PBXGroup section */
		41BF21C028D8E93600DAA753 = {
			isa = PBXGroup;
			children = (
				41BF21CB28D8E93600DAA753 /* Flashcards */,
				41BF21E228D8E93800DAA753 /* FlashcardsTests */,
				41BF21EC28D8E93800DAA753 /* FlashcardsUITests */,
				41BF21CA28D8E93600DAA753 /* Products */,
			);
			sourceTree = "<group>";
		};
		41BF21CA28D8E93600DAA753 /* Products */ = {
			isa = PBXGroup;
			children = (
				41BF21C928D8E93600DAA753 /* Flashcards.app */,
				41BF21DF28D8E93800DAA753 /* FlashcardsTests.xctest */,
				41BF21E928D8E93800DAA753 /* FlashcardsUITests.xctest */,
			);
			name = Products;
			sourceTree = "<group>";
		};
		41BF21CB28D8E93600DAA753 /* Flashcards */ = {
			isa = PBXGroup;
			children = (
				41BF21CC28D8E93600DAA753 /* AppDelegate.swift */,
				41BF21CE28D8E93600DAA753 /* SceneDelegate.swift */,
				41BF21D028D8E93600DAA753 /* ViewController.swift */,
				41BF21D228D8E93600DAA753 /* Main.storyboard */,
				41BF21D528D8E93800DAA753 /* Assets.xcassets */,
				41BF21D728D8E93800DAA753 /* LaunchScreen.storyboard */,
				41BF21DA28D8E93800DAA753 /* Info.plist */,
			);
			path = Flashcards;
			sourceTree = "<group>";
		};
		41BF21E228D8E93800DAA753 /* FlashcardsTests */ = {
			isa = PBXGroup;
			children = (
				41BF21E328D8E93800DAA753 /* FlashcardsTests.swift */,
			);
			path = FlashcardsTests;
			sourceTree = "<group>";
		};
		41BF21EC28D8E93800DAA753 /* FlashcardsUITests */ = {
			isa = PBXGroup;
			children = (
				41BF21ED28D8E93800DAA753 /* FlashcardsUITests.swift */,
				41BF21EF28D8E93800DAA753 /* FlashcardsUITestsLaunchTests.swift */,
			);
			path = FlashcardsUITests;
			sourceTree = "<group>";
		};
/* End PBXGroup section */

/* Begin PBXNativeTarget section */
		41BF21C828D8E93600DAA753 /* Flashcards */ = {
			isa = PBXNativeTarget;
			buildConfigurationList = 41BF21F328D8E93800DAA753 /* Build configuration list for PBXNativeTarget "Flashcards" */;
			buildPhases = (
				41BF21C528D8E93600DAA753 /* Sources */,
				41BF21C628D8E93600DAA753 /* Frameworks */,
				41BF21C728D8E93600DAA753 /* Resources */,
			);
			buildRules = (
			);
			dependencies = (
			);
			name = Flashcards;
			productName = Flashcards;
			productReference = 41BF21C928D8E93600DAA753 /* Flashcards.app */;
			productType = "com.apple.product-type.application";
		};
		41BF21DE28D8E93800DAA753 /* FlashcardsTests */ = {
			isa = PBXNativeTarget;
			buildConfigurationList = 41BF21F628D8E93800DAA753 /* Build configuration list for PBXNativeTarget "FlashcardsTests" */;
			buildPhases = (
				41BF21DB28D8E93800DAA753 /* Sources */,
				41BF21DC28D8E93800DAA753 /* Frameworks */,
				41BF21DD28D8E93800DAA753 /* Resources */,
			);
			buildRules = (
			);
			dependencies = (
				41BF21E128D8E93800DAA753 /* PBXTargetDependency */,
			);
			name = FlashcardsTests;
			productName = FlashcardsTests;
			productReference = 41BF21DF28D8E93800DAA753 /* FlashcardsTests.xctest */;
			productType = "com.apple.product-type.bundle.unit-test";
		};
		41BF21E828D8E93800DAA753 /* FlashcardsUITests */ = {
			isa = PBXNativeTarget;
			buildConfigurationList = 41BF21F928D8E93800DAA753 /* Build configuration list for PBXNativeTarget "FlashcardsUITests" */;
			buildPhases = (
				41BF21E528D8E93800DAA753 /* Sources */,
				41BF21E628D8E93800DAA753 /* Frameworks */,
				41BF21E728D8E93800DAA753 /* Resources */,
			);
			buildRules = (
			);
			dependencies = (
				41BF21EB28D8E93800DAA753 /* PBXTargetDependency */,
			);
			name = FlashcardsUITests;
			productName = FlashcardsUITests;
			productReference = 41BF21E928D8E93800DAA753 /* FlashcardsUITests.xctest */;
			productType = "com.apple.product-type.bundle.ui-testing";
		};
/* End PBXNativeTarget section */

/* Begin PBXProject section */
		41BF21C128D8E93600DAA753 /* Project object */ = {
			isa = PBXProject;
			attributes = {
				BuildIndependentTargetsInParallel = 1;
				LastSwiftUpdateCheck = 1400;
				LastUpgradeCheck = 1400;
				TargetAttributes = {
					41BF21C828D8E93600DAA753 = {
						CreatedOnToolsVersion = 14.0;
					};
					41BF21DE28D8E93800DAA753 = {
						CreatedOnToolsVersion = 14.0;
						TestTargetID = 41BF21C828D8E93600DAA753;
					};
					41BF21E828D8E93800DAA753 = {
						CreatedOnToolsVersion = 14.0;
						TestTargetID = 41BF21C828D8E93600DAA753;
					};
				};
			};
			buildConfigurationList = 41BF21C428D8E93600DAA753 /* Build configuration list for PBXProject "Flashcards" */;
			compatibilityVersion = "Xcode 14.0";
			developmentRegion = en;
			hasScannedForEncodings = 0;
			knownRegions = (
				en,
				Base,
			);
			mainGroup = 41BF21C028D8E93600DAA753;
			productRefGroup = 41BF21CA28D8E93600DAA753 /* Products */;
			projectDirPath = "";
			projectRoot = "";
			targets = (
				41BF21C828D8E93600DAA753 /* Flashcards */,
				41BF21DE28D8E93800DAA753 /* FlashcardsTests */,
				41BF21E828D8E93800DAA753 /* FlashcardsUITests */,
			);
		};
/* End PBXProject section */

/* Begin PBXResourcesBuildPhase section */
		41BF21C728D8E93600DAA753 /* Resources */ = {
			isa = PBXResourcesBuildPhase;
			buildActionMask = 2147483647;
			files = (
				41BF21D928D8E93800DAA753 /* LaunchScreen.storyboard in Resources */,
				41BF21D628D8E93800DAA753 /* Assets.xcassets in Resources */,
				41BF21D428D8E93600DAA753 /* Main.storyboard in Resources */,
			);
			runOnlyForDeploymentPostprocessing = 0;
		};
		41BF21DD28D8E93800DAA753 /* Resources */ = {
			isa = PBXResourcesBuildPhase;
			buildActionMask = 2147483647;
			files = (
			);
			runOnlyForDeploymentPostprocessing = 0;
		};
		41BF21E728D8E93800DAA753 /* Resources */ = {
			isa = PBXResourcesBuildPhase;
			buildActionMask = 2147483647;
			files = (
			);
			runOnlyForDeploymentPostprocessing = 0;
		};
/* End PBXResourcesBuildPhase section */

/* Begin PBXSourcesBuildPhase section */
		41BF21C528D8E93600DAA753 /* Sources */ = {
			isa = PBXSourcesBuildPhase;
			buildActionMask = 2147483647;
			files = (
				41BF21D128D8E93600DAA753 /* ViewController.swift in Sources */,
				41BF21CD28D8E93600DAA753 /* AppDelegate.swift in Sources */,
				41BF21CF28D8E93600DAA753 /* SceneDelegate.swift in Sources */,
			);
			runOnlyForDeploymentPostprocessing = 0;
		};
		41BF21DB28D8E93800DAA753 /* Sources */ = {
			isa = PBXSourcesBuildPhase;
			buildActionMask = 2147483647;
			files = (
				41BF21E428D8E93800DAA753 /* FlashcardsTests.swift in Sources */,
			);
			runOnlyForDeploymentPostprocessing = 0;
		};
		41BF21E528D8E93800DAA753 /* Sources */ = {
			isa = PBXSourcesBuildPhase;
			buildActionMask = 2147483647;
			files = (
				41BF21EE28D8E93800DAA753 /* FlashcardsUITests.swift in Sources */,
				41BF21F028D8E93800DAA753 /* FlashcardsUITestsLaunchTests.swift in Sources */,
			);
			runOnlyForDeploymentPostprocessing = 0;
		};
/* End PBXSourcesBuildPhase section */

/* Begin PBXTargetDependency section */
		41BF21E128D8E93800DAA753 /* PBXTargetDependency */ = {
			isa = PBXTargetDependency;
			target = 41BF21C828D8E93600DAA753 /* Flashcards */;
			targetProxy = 41BF21E028D8E93800DAA753 /* PBXContainerItemProxy */;
		};
		41BF21EB28D8E93800DAA753 /* PBXTargetDependency */ = {
			isa = PBXTargetDependency;
			target = 41BF21C828D8E93600DAA753 /* Flashcards */;
			targetProxy = 41BF21EA28D8E93800DAA753 /* PBXContainerItemProxy */;
		};
/* End PBXTargetDependency section */

/* Begin PBXVariantGroup section */
		41BF21D228D8E93600DAA753 /* Main.storyboard */ = {
			isa = PBXVariantGroup;
			children = (
				41BF21D328D8E93600DAA753 /* Base */,
			);
			name = Main.storyboard;
			sourceTree = "<group>";
		};
		41BF21D728D8E93800DAA753 /* LaunchScreen.storyboard */ = {
			isa = PBXVariantGroup;
			children = (
				41BF21D828D8E93800DAA753 /* Base */,
			);
			name = LaunchScreen.storyboard;
			sourceTree = "<group>";
		};
/* End PBXVariantGroup section */

/* Begin XCBuildConfiguration section */
		41BF21F128D8E93800DAA753 /* Debug */ = {
			isa = XCBuildConfiguration;
			buildSettings = {
				ALWAYS_SEARCH_USER_PATHS = NO;
				CLANG_ANALYZER_NONNULL = YES;
				CLANG_ANALYZER_NUMBER_OBJECT_CONVERSION = YES_AGGRESSIVE;
				CLANG_CXX_LANGUAGE_STANDARD = "gnu++20";
				CLANG_ENABLE_MODULES = YES;
				CLANG_ENABLE_OBJC_ARC = YES;
				CLANG_ENABLE_OBJC_WEAK = YES;
				CLANG_WARN_BLOCK_CAPTURE_AUTORELEASING = YES;
				CLANG_WARN_BOOL_CONVERSION = YES;
				CLANG_WARN_COMMA = YES;
				CLANG_WARN_CONSTANT_CONVERSION = YES;
				CLANG_WARN_DEPRECATED_OBJC_IMPLEMENTATIONS = YES;
				CLANG_WARN_DIRECT_OBJC_ISA_USAGE = YES_ERROR;
				CLANG_WARN_DOCUMENTATION_COMMENTS = YES;
				CLANG_WARN_EMPTY_BODY = YES;
				CLANG_WARN_ENUM_CONVERSION = YES;
				CLANG_WARN_INFINITE_RECURSION = YES;
				CLANG_WARN_INT_CONVERSION = YES;
				CLANG_WARN_NON_LITERAL_NULL_CONVERSION = YES;
				CLANG_WARN_OBJC_IMPLICIT_RETAIN_SELF = YES;
				CLANG_WARN_OBJC_LITERAL_CONVERSION = YES;
				CLANG_WARN_OBJC_ROOT_CLASS = YES_ERROR;
				CLANG_WARN_QUOTED_INCLUDE_IN_FRAMEWORK_HEADER = YES;
				CLANG_WARN_RANGE_LOOP_ANALYSIS = YES;
				CLANG_WARN_STRICT_PROTOTYPES = YES;
				CLANG_WARN_SUSPICIOUS_MOVE = YES;
				CLANG_WARN_UNGUARDED_AVAILABILITY = YES_AGGRESSIVE;
				CLANG_WARN_UNREACHABLE_CODE = YES;
				CLANG_WARN__DUPLICATE_METHOD_MATCH = YES;
				COPY_PHASE_STRIP = NO;
				DEBUG_INFORMATION_FORMAT = dwarf;
				ENABLE_STRICT_OBJC_MSGSEND = YES;
				ENABLE_TESTABILITY = YES;
				GCC_C_LANGUAGE_STANDARD = gnu11;
				GCC_DYNAMIC_NO_PIC = NO;
				GCC_NO_COMMON_BLOCKS = YES;
				GCC_OPTIMIZATION_LEVEL = 0;
				GCC_PREPROCESSOR_DEFINITIONS = (
					"DEBUG=1",
					"$(inherited)",
				);
				GCC_WARN_64_TO_32_BIT_CONVERSION = YES;
				GCC_WARN_ABOUT_RETURN_TYPE = YES_ERROR;
				GCC_WARN_UNDECLARED_SELECTOR = YES;
				GCC_WARN_UNINITIALIZED_AUTOS = YES_AGGRESSIVE;
				GCC_WARN_UNUSED_FUNCTION = YES;
				GCC_WARN_UNUSED_VARIABLE = YES;
				IPHONEOS_DEPLOYMENT_TARGET = 16.0;
				MTL_ENABLE_DEBUG_INFO = INCLUDE_SOURCE;
				MTL_FAST_MATH = YES;
				ONLY_ACTIVE_ARCH = YES;
				SDKROOT = iphoneos;
				SWIFT_ACTIVE_COMPILATION_CONDITIONS = DEBUG;
				SWIFT_OPTIMIZATION_LEVEL = "-Onone";
			};
			name = Debug;
		};
		41BF21F228D8E93800DAA753 /* Release */ = {
			isa = XCBuildConfiguration;
			buildSettings = {
				ALWAYS_SEARCH_USER_PATHS = NO;
				CLANG_ANALYZER_NONNULL = YES;
				CLANG_ANALYZER_NUMBER_OBJECT_CONVERSION = YES_AGGRESSIVE;
				CLANG_CXX_LANGUAGE_STANDARD = "gnu++20";
				CLANG_ENABLE_MODULES = YES;
				CLANG_ENABLE_OBJC_ARC = YES;
				CLANG_ENABLE_OBJC_WEAK = YES;
				CLANG_WARN_BLOCK_CAPTURE_AUTORELEASING = YES;
				CLANG_WARN_BOOL_CONVERSION = YES;
				CLANG_WARN_COMMA = YES;
				CLANG_WARN_CONSTANT_CONVERSION = YES;
				CLANG_WARN_DEPRECATED_OBJC_IMPLEMENTATIONS = YES;
				CLANG_WARN_DIRECT_OBJC_ISA_USAGE = YES_ERROR;
				CLANG_WARN_DOCUMENTATION_COMMENTS = YES;
				CLANG_WARN_EMPTY_BODY = YES;
				CLANG_WARN_ENUM_CONVERSION = YES;
				CLANG_WARN_INFINITE_RECURSION = YES;
				CLANG_WARN_INT_CONVERSION = YES;
				CLANG_WARN_NON_LITERAL_NULL_CONVERSION = YES;
				CLANG_WARN_OBJC_IMPLICIT_RETAIN_SELF = YES;
				CLANG_WARN_OBJC_LITERAL_CONVERSION = YES;
				CLANG_WARN_OBJC_ROOT_CLASS = YES_ERROR;
				CLANG_WARN_QUOTED_INCLUDE_IN_FRAMEWORK_HEADER = YES;
				CLANG_WARN_RANGE_LOOP_ANALYSIS = YES;
				CLANG_WARN_STRICT_PROTOTYPES = YES;
				CLANG_WARN_SUSPICIOUS_MOVE = YES;
				CLANG_WARN_UNGUARDED_AVAILABILITY = YES_AGGRESSIVE;
				CLANG_WARN_UNREACHABLE_CODE = YES;
				CLANG_WARN__DUPLICATE_METHOD_MATCH = YES;
				COPY_PHASE_STRIP = NO;
				DEBUG_INFORMATION_FORMAT = "dwarf-with-dsym";
				ENABLE_NS_ASSERTIONS = NO;
				ENABLE_STRICT_OBJC_MSGSEND = YES;
				GCC_C_LANGUAGE_STANDARD = gnu11;
				GCC_NO_COMMON_BLOCKS = YES;
				GCC_WARN_64_TO_32_BIT_CONVERSION = YES;
				GCC_WARN_ABOUT_RETURN_TYPE = YES_ERROR;
				GCC_WARN_UNDECLARED_SELECTOR = YES;
				GCC_WARN_UNINITIALIZED_AUTOS = YES_AGGRESSIVE;
				GCC_WARN_UNUSED_FUNCTION = YES;
				GCC_WARN_UNUSED_VARIABLE = YES;
				IPHONEOS_DEPLOYMENT_TARGET = 16.0;
				MTL_ENABLE_DEBUG_INFO = NO;
				MTL_FAST_MATH = YES;
				SDKROOT = iphoneos;
				SWIFT_COMPILATION_MODE = wholemodule;
				SWIFT_OPTIMIZATION_LEVEL = "-O";
				VALIDATE_PRODUCT = YES;
			};
			name = Release;
		};
		41BF21F428D8E93800DAA753 /* Debug */ = {
			isa = XCBuildConfiguration;
			buildSettings = {
				ASSETCATALOG_COMPILER_APPICON_NAME = AppIcon;
				ASSETCATALOG_COMPILER_GLOBAL_ACCENT_COLOR_NAME = AccentColor;
				CODE_SIGN_STYLE = Automatic;
				CURRENT_PROJECT_VERSION = 1;
				GENERATE_INFOPLIST_FILE = YES;
				INFOPLIST_FILE = Flashcards/Info.plist;
				INFOPLIST_KEY_UIApplicationSupportsIndirectInputEvents = YES;
				INFOPLIST_KEY_UILaunchStoryboardName = LaunchScreen;
				INFOPLIST_KEY_UIMainStoryboardFile = Main;
				INFOPLIST_KEY_UISupportedInterfaceOrientations_iPad = "UIInterfaceOrientationPortrait UIInterfaceOrientationPortraitUpsideDown UIInterfaceOrientationLandscapeLeft UIInterfaceOrientationLandscapeRight";
				INFOPLIST_KEY_UISupportedInterfaceOrientations_iPhone = "UIInterfaceOrientationPortrait UIInterfaceOrientationLandscapeLeft UIInterfaceOrientationLandscapeRight";
				LD_RUNPATH_SEARCH_PATHS = (
					"$(inherited)",
					"@executable_path/Frameworks",
				);
				MARKETING_VERSION = 1.0;
				PRODUCT_BUNDLE_IDENTIFIER = memo.com.Flashcards;
				PRODUCT_NAME = "$(TARGET_NAME)";
				SWIFT_EMIT_LOC_STRINGS = YES;
				SWIFT_VERSION = 5.0;
				TARGETED_DEVICE_FAMILY = "1,2";
			};
			name = Debug;
		};
		41BF21F528D8E93800DAA753 /* Release */ = {
			isa = XCBuildConfiguration;
			buildSettings = {
				ASSETCATALOG_COMPILER_APPICON_NAME = AppIcon;
				ASSETCATALOG_COMPILER_GLOBAL_ACCENT_COLOR_NAME = AccentColor;
				CODE_SIGN_STYLE = Automatic;
				CURRENT_PROJECT_VERSION = 1;
				GENERATE_INFOPLIST_FILE = YES;
				INFOPLIST_FILE = Flashcards/Info.plist;
				INFOPLIST_KEY_UIApplicationSupportsIndirectInputEvents = YES;
				INFOPLIST_KEY_UILaunchStoryboardName = LaunchScreen;
				INFOPLIST_KEY_UIMainStoryboardFile = Main;
				INFOPLIST_KEY_UISupportedInterfaceOrientations_iPad = "UIInterfaceOrientationPortrait UIInterfaceOrientationPortraitUpsideDown UIInterfaceOrientationLandscapeLeft UIInterfaceOrientationLandscapeRight";
				INFOPLIST_KEY_UISupportedInterfaceOrientations_iPhone = "UIInterfaceOrientationPortrait UIInterfaceOrientationLandscapeLeft UIInterfaceOrientationLandscapeRight";
				LD_RUNPATH_SEARCH_PATHS = (
					"$(inherited)",
					"@executable_path/Frameworks",
				);
				MARKETING_VERSION = 1.0;
				PRODUCT_BUNDLE_IDENTIFIER = memo.com.Flashcards;
				PRODUCT_NAME = "$(TARGET_NAME)";
				SWIFT_EMIT_LOC_STRINGS = YES;
				SWIFT_VERSION = 5.0;
				TARGETED_DEVICE_FAMILY = "1,2";
			};
			name = Release;
		};
		41BF21F728D8E93800DAA753 /* Debug */ = {
			isa = XCBuildConfiguration;
			buildSettings = {
				ALWAYS_EMBED_SWIFT_STANDARD_LIBRARIES = YES;
				BUNDLE_LOADER = "$(TEST_HOST)";
				CODE_SIGN_STYLE = Automatic;
				CURRENT_PROJECT_VERSION = 1;
				GENERATE_INFOPLIST_FILE = YES;
				IPHONEOS_DEPLOYMENT_TARGET = 16.0;
				MARKETING_VERSION = 1.0;
				PRODUCT_BUNDLE_IDENTIFIER = memo.com.FlashcardsTests;
				PRODUCT_NAME = "$(TARGET_NAME)";
				SWIFT_EMIT_LOC_STRINGS = NO;
				SWIFT_VERSION = 5.0;
				TARGETED_DEVICE_FAMILY = "1,2";
				TEST_HOST = "$(BUILT_PRODUCTS_DIR)/Flashcards.app/$(BUNDLE_EXECUTABLE_FOLDER_PATH)/Flashcards";
			};
			name = Debug;
		};
		41BF21F828D8E93800DAA753 /* Release */ = {
			isa = XCBuildConfiguration;
			buildSettings = {
				ALWAYS_EMBED_SWIFT_STANDARD_LIBRARIES = YES;
				BUNDLE_LOADER = "$(TEST_HOST)";
				CODE_SIGN_STYLE = Automatic;
				CURRENT_PROJECT_VERSION = 1;
				GENERATE_INFOPLIST_FILE = YES;
				IPHONEOS_DEPLOYMENT_TARGET = 16.0;
				MARKETING_VERSION = 1.0;
				PRODUCT_BUNDLE_IDENTIFIER = memo.com.FlashcardsTests;
				PRODUCT_NAME = "$(TARGET_NAME)";
				SWIFT_EMIT_LOC_STRINGS = NO;
				SWIFT_VERSION = 5.0;
				TARGETED_DEVICE_FAMILY = "1,2";
				TEST_HOST = "$(BUILT_PRODUCTS_DIR)/Flashcards.app/$(BUNDLE_EXECUTABLE_FOLDER_PATH)/Flashcards";
			};
			name = Release;
		};
		41BF21FA28D8E93800DAA753 /* Debug */ = {
			isa = XCBuildConfiguration;
			buildSettings = {
				ALWAYS_EMBED_SWIFT_STANDARD_LIBRARIES = YES;
				CODE_SIGN_STYLE = Automatic;
				CURRENT_PROJECT_VERSION = 1;
				GENERATE_INFOPLIST_FILE = YES;
				MARKETING_VERSION = 1.0;
				PRODUCT_BUNDLE_IDENTIFIER = memo.com.FlashcardsUITests;
				PRODUCT_NAME = "$(TARGET_NAME)";
				SWIFT_EMIT_LOC_STRINGS = NO;
				SWIFT_VERSION = 5.0;
				TARGETED_DEVICE_FAMILY = "1,2";
				TEST_TARGET_NAME = Flashcards;
			};
			name = Debug;
		};
		41BF21FB28D8E93800DAA753 /* Release */ = {
			isa = XCBuildConfiguration;
			buildSettings = {
				ALWAYS_EMBED_SWIFT_STANDARD_LIBRARIES = YES;
				CODE_SIGN_STYLE = Automatic;
				CURRENT_PROJECT_VERSION = 1;
				GENERATE_INFOPLIST_FILE = YES;
				MARKETING_VERSION = 1.0;
				PRODUCT_BUNDLE_IDENTIFIER = memo.com.FlashcardsUITests;
				PRODUCT_NAME = "$(TARGET_NAME)";
				SWIFT_EMIT_LOC_STRINGS = NO;
				SWIFT_VERSION = 5.0;
				TARGETED_DEVICE_FAMILY = "1,2";
				TEST_TARGET_NAME = Flashcards;
			};
			name = Release;
		};
/* End XCBuildConfiguration section */

/* Begin XCConfigurationList section */
		41BF21C428D8E93600DAA753 /* Build configuration list for PBXProject "Flashcards" */ = {
			isa = XCConfigurationList;
			buildConfigurations = (
				41BF21F128D8E93800DAA753 /* Debug */,
				41BF21F228D8E93800DAA753 /* Release */,
			);
			defaultConfigurationIsVisible = 0;
			defaultConfigurationName = Release;
		};
		41BF21F328D8E93800DAA753 /* Build configuration list for PBXNativeTarget "Flashcards" */ = {
			isa = XCConfigurationList;
			buildConfigurations = (
				41BF21F428D8E93800DAA753 /* Debug */,
				41BF21F528D8E93800DAA753 /* Release */,
			);
			defaultConfigurationIsVisible = 0;
			defaultConfigurationName = Release;
		};
		41BF21F628D8E93800DAA753 /* Build configuration list for PBXNativeTarget "FlashcardsTests" */ = {
			isa = XCConfigurationList;
			buildConfigurations = (
				41BF21F728D8E93800DAA753 /* Debug */,
				41BF21F828D8E93800DAA753 /* Release */,
			);
			defaultConfigurationIsVisible = 0;
			defaultConfigurationName = Release;
		};
		41BF21F928D8E93800DAA753 /* Build configuration list for PBXNativeTarget "FlashcardsUITests" */ = {
			isa = XCConfigurationList;
			buildConfigurations = (
				41BF21FA28D8E93800DAA753 /* Debug */,
				41BF21FB28D8E93800DAA753 /* Release */,
			);
			defaultConfigurationIsVisible = 0;
			defaultConfigurationName = Release;
		};
/* End XCConfigurationList section */
	};
	rootObject = 41BF21C128D8E93600DAA753 /* Project object */;
}
